
Microsoft Visual Studio Solution File, Format Version 12.00
# Visual Studio Version 17
VisualStudioVersion = 17.9.34622.214
MinimumVisualStudioVersion = 10.0.40219.1
Project("{FAE04EC0-301F-11D3-BF4B-00C04F79EFBC}") = "API_WEB_CORE", "API_WEB_CORE\API_WEB_CORE.csproj", "{9048D586-4E5A-4F5D-82E4-DF9EEB836E18}"
EndProject
Global
	GlobalSection(SolutionConfigurationPlatforms) = preSolution
		Debug|Any CPU = Debug|Any CPU
		Release|Any CPU = Release|Any CPU
	EndGlobalSection
	GlobalSection(ProjectConfigurationPlatforms) = postSolution
		{9048D586-4E5A-4F5D-82E4-DF9EEB836E18}.Debug|Any CPU.ActiveCfg = Debug|Any CPU
		{9048D586-4E5A-4F5D-82E4-DF9EEB836E18}.Debug|Any CPU.Build.0 = Debug|Any CPU
		{9048D586-4E5A-4F5D-82E4-DF9EEB836E18}.Release|Any CPU.ActiveCfg = Release|Any CPU
		{9048D586-4E5A-4F5D-82E4-DF9EEB836E18}.Release|Any CPU.Build.0 = Release|Any CPU
	EndGlobalSection
	GlobalSection(SolutionProperties) = preSolution
		HideSolutionNode = FALSE
	EndGlobalSection
	GlobalSection(ExtensibilityGlobals) = postSolution
		SolutionGuid = {D4BA8A89-9A88-4EAF-AA78-5A84E881D653}
	EndGlobalSection
EndGlobal
